
Microsoft Visual Studio Solution File, Format Version 12.00
# Visual Studio Version 17
VisualStudioVersion = 17.1.32414.318
MinimumVisualStudioVersion = 10.0.40219.1
Project("{9A19103F-16F7-4668-BE54-9A1E7A4F7556}") = "IceCubey_Server", "IceCubey_Server\IceCubey_Server.csproj", "{CD5B9FBB-CB4F-4139-A36F-62926402C829}"
EndProject
Project("{9A19103F-16F7-4668-BE54-9A1E7A4F7556}") = "IceCubey_Client", "IceCubey_Client\IceCubey_Client.csproj", "{24ACBAD3-019F-4B39-A2E5-ED96CA3C5DF7}"
EndProject
Project("{9A19103F-16F7-4668-BE54-9A1E7A4F7556}") = "IceCubey_Models", "IceCubey_Models\IceCubey_Models.csproj", "{4C10BE11-7A60-4D2C-A88C-ADC729A30619}"
EndProject
Project("{9A19103F-16F7-4668-BE54-9A1E7A4F7556}") = "IceCubey_Business", "IceCubey_Business\IceCubey_Business.csproj", "{F884A999-D321-4961-9EE3-0B55AE5C5FB5}"
EndProject
Project("{9A19103F-16F7-4668-BE54-9A1E7A4F7556}") = "IceCubey_Common", "IceCubey_Common\IceCubey_Common.csproj", "{102E597F-F4A4-47D2-AB28-60E736AA316C}"
EndProject
Project("{9A19103F-16F7-4668-BE54-9A1E7A4F7556}") = "IceCubey_DataAccess", "IceCubey_DataAccess\IceCubey_DataAccess.csproj", "{46F62808-BB93-4348-9C77-44B05BB1AED7}"
EndProject
Global
	GlobalSection(SolutionConfigurationPlatforms) = preSolution
		Debug|Any CPU = Debug|Any CPU
		Release|Any CPU = Release|Any CPU
	EndGlobalSection
	GlobalSection(ProjectConfigurationPlatforms) = postSolution
		{CD5B9FBB-CB4F-4139-A36F-62926402C829}.Debug|Any CPU.ActiveCfg = Debug|Any CPU
		{CD5B9FBB-CB4F-4139-A36F-62926402C829}.Debug|Any CPU.Build.0 = Debug|Any CPU
		{CD5B9FBB-CB4F-4139-A36F-62926402C829}.Release|Any CPU.ActiveCfg = Release|Any CPU
		{CD5B9FBB-CB4F-4139-A36F-62926402C829}.Release|Any CPU.Build.0 = Release|Any CPU
		{24ACBAD3-019F-4B39-A2E5-ED96CA3C5DF7}.Debug|Any CPU.ActiveCfg = Debug|Any CPU
		{24ACBAD3-019F-4B39-A2E5-ED96CA3C5DF7}.Debug|Any CPU.Build.0 = Debug|Any CPU
		{24ACBAD3-019F-4B39-A2E5-ED96CA3C5DF7}.Release|Any CPU.ActiveCfg = Release|Any CPU
		{24ACBAD3-019F-4B39-A2E5-ED96CA3C5DF7}.Release|Any CPU.Build.0 = Release|Any CPU
		{4C10BE11-7A60-4D2C-A88C-ADC729A30619}.Debug|Any CPU.ActiveCfg = Debug|Any CPU
		{4C10BE11-7A60-4D2C-A88C-ADC729A30619}.Debug|Any CPU.Build.0 = Debug|Any CPU
		{4C10BE11-7A60-4D2C-A88C-ADC729A30619}.Release|Any CPU.ActiveCfg = Release|Any CPU
		{4C10BE11-7A60-4D2C-A88C-ADC729A30619}.Release|Any CPU.Build.0 = Release|Any CPU
		{F884A999-D321-4961-9EE3-0B55AE5C5FB5}.Debug|Any CPU.ActiveCfg = Debug|Any CPU
		{F884A999-D321-4961-9EE3-0B55AE5C5FB5}.Debug|Any CPU.Build.0 = Debug|Any CPU
		{F884A999-D321-4961-9EE3-0B55AE5C5FB5}.Release|Any CPU.ActiveCfg = Release|Any CPU
		{F884A999-D321-4961-9EE3-0B55AE5C5FB5}.Release|Any CPU.Build.0 = Release|Any CPU
		{102E597F-F4A4-47D2-AB28-60E736AA316C}.Debug|Any CPU.ActiveCfg = Debug|Any CPU
		{102E597F-F4A4-47D2-AB28-60E736AA316C}.Debug|Any CPU.Build.0 = Debug|Any CPU
		{102E597F-F4A4-47D2-AB28-60E736AA316C}.Release|Any CPU.ActiveCfg = Release|Any CPU
		{102E597F-F4A4-47D2-AB28-60E736AA316C}.Release|Any CPU.Build.0 = Release|Any CPU
		{46F62808-BB93-4348-9C77-44B05BB1AED7}.Debug|Any CPU.ActiveCfg = Debug|Any CPU
		{46F62808-BB93-4348-9C77-44B05BB1AED7}.Debug|Any CPU.Build.0 = Debug|Any CPU
		{46F62808-BB93-4348-9C77-44B05BB1AED7}.Release|Any CPU.ActiveCfg = Release|Any CPU
		{46F62808-BB93-4348-9C77-44B05BB1AED7}.Release|Any CPU.Build.0 = Release|Any CPU
	EndGlobalSection
	GlobalSection(SolutionProperties) = preSolution
		HideSolutionNode = FALSE
	EndGlobalSection
	GlobalSection(ExtensibilityGlobals) = postSolution
		SolutionGuid = {FA8BB58C-9FC6-4EB7-BBF1-C94675DDCE42}
	EndGlobalSection
EndGlobal
