
Microsoft Visual Studio Solution File, Format Version 12.00
# Visual Studio Version 17
VisualStudioVersion = 17.1.32414.318
MinimumVisualStudioVersion = 10.0.40219.1
Project("{FAE04EC0-301F-11D3-BF4B-00C04F79EFBC}") = "IceCubey_Server", "IceCubey_Server\IceCubey_Server.csproj", "{CD5B9FBB-CB4F-4139-A36F-62926402C829}"
EndProject
Project("{FAE04EC0-301F-11D3-BF4B-00C04F79EFBC}") = "IceCubey_Client", "IceCubey_Client\IceCubey_Client.csproj", "{24ACBAD3-019F-4B39-A2E5-ED96CA3C5DF7}"
EndProject
Global
	GlobalSection(SolutionConfigurationPlatforms) = preSolution
		Debug|Any CPU = Debug|Any CPU
		Release|Any CPU = Release|Any CPU
	EndGlobalSection
	GlobalSection(ProjectConfigurationPlatforms) = postSolution
		{CD5B9FBB-CB4F-4139-A36F-62926402C829}.Debug|Any CPU.ActiveCfg = Debug|Any CPU
		{CD5B9FBB-CB4F-4139-A36F-62926402C829}.Debug|Any CPU.Build.0 = Debug|Any CPU
		{CD5B9FBB-CB4F-4139-A36F-62926402C829}.Release|Any CPU.ActiveCfg = Release|Any CPU
		{CD5B9FBB-CB4F-4139-A36F-62926402C829}.Release|Any CPU.Build.0 = Release|Any CPU
		{24ACBAD3-019F-4B39-A2E5-ED96CA3C5DF7}.Debug|Any CPU.ActiveCfg = Debug|Any CPU
		{24ACBAD3-019F-4B39-A2E5-ED96CA3C5DF7}.Debug|Any CPU.Build.0 = Debug|Any CPU
		{24ACBAD3-019F-4B39-A2E5-ED96CA3C5DF7}.Release|Any CPU.ActiveCfg = Release|Any CPU
		{24ACBAD3-019F-4B39-A2E5-ED96CA3C5DF7}.Release|Any CPU.Build.0 = Release|Any CPU
	EndGlobalSection
	GlobalSection(SolutionProperties) = preSolution
		HideSolutionNode = FALSE
	EndGlobalSection
	GlobalSection(ExtensibilityGlobals) = postSolution
		SolutionGuid = {FA8BB58C-9FC6-4EB7-BBF1-C94675DDCE42}
	EndGlobalSection
EndGlobal
